
Microsoft Visual Studio Solution File, Format Version 12.00
# Visual Studio Version 17
VisualStudioVersion = 17.0.31903.59
MinimumVisualStudioVersion = 10.0.40219.1
Project("{9A19103F-16F7-4668-BE54-9A1E7A4F7556}") = "WebShop", "WebShop\WebShop.csproj", "{24F2B136-DE7B-4A0D-A6EC-7CD34ACF4324}"
EndProject
Project("{9A19103F-16F7-4668-BE54-9A1E7A4F7556}") = "WebShopTests", "WebShopTests\WebShopTests.csproj", "{86DCCEAD-2028-4B4A-981F-4BBAD2CC4A19}"
EndProject
Global
	GlobalSection(SolutionConfigurationPlatforms) = preSolution
		Debug|Any CPU = Debug|Any CPU
		Release|Any CPU = Release|Any CPU
	EndGlobalSection
	GlobalSection(ProjectConfigurationPlatforms) = postSolution
		{24F2B136-DE7B-4A0D-A6EC-7CD34ACF4324}.Debug|Any CPU.ActiveCfg = Debug|Any CPU
		{24F2B136-DE7B-4A0D-A6EC-7CD34ACF4324}.Debug|Any CPU.Build.0 = Debug|Any CPU
		{24F2B136-DE7B-4A0D-A6EC-7CD34ACF4324}.Release|Any CPU.ActiveCfg = Release|Any CPU
		{24F2B136-DE7B-4A0D-A6EC-7CD34ACF4324}.Release|Any CPU.Build.0 = Release|Any CPU
		{86DCCEAD-2028-4B4A-981F-4BBAD2CC4A19}.Debug|Any CPU.ActiveCfg = Debug|Any CPU
		{86DCCEAD-2028-4B4A-981F-4BBAD2CC4A19}.Debug|Any CPU.Build.0 = Debug|Any CPU
		{86DCCEAD-2028-4B4A-981F-4BBAD2CC4A19}.Release|Any CPU.ActiveCfg = Release|Any CPU
		{86DCCEAD-2028-4B4A-981F-4BBAD2CC4A19}.Release|Any CPU.Build.0 = Release|Any CPU
	EndGlobalSection
	GlobalSection(SolutionProperties) = preSolution
		HideSolutionNode = FALSE
	EndGlobalSection
EndGlobal
